// !$*UTF8*$!
{
	archiveVersion = 1;
	classes = {
	};
	objectVersion = 56;
	objects = {

/* Begin PBXBuildFile section */
		65707B652BA162D900FA7668 /* AppDelegate.swift in Sources */ = {isa = PBXBuildFile; fileRef = 65707B642BA162D900FA7668 /* AppDelegate.swift */; };
		65707B672BA162D900FA7668 /* SceneDelegate.swift in Sources */ = {isa = PBXBuildFile; fileRef = 65707B662BA162D900FA7668 /* SceneDelegate.swift */; };
		65707B692BA162D900FA7668 /* ViewController.swift in Sources */ = {isa = PBXBuildFile; fileRef = 65707B682BA162D900FA7668 /* ViewController.swift */; };
		65707B6C2BA162D900FA7668 /* Main.storyboard in Resources */ = {isa = PBXBuildFile; fileRef = 65707B6A2BA162D900FA7668 /* Main.storyboard */; };
		65707B6E2BA162DA00FA7668 /* Assets.xcassets in Resources */ = {isa = PBXBuildFile; fileRef = 65707B6D2BA162DA00FA7668 /* Assets.xcassets */; };
		65707B712BA162DA00FA7668 /* LaunchScreen.storyboard in Resources */ = {isa = PBXBuildFile; fileRef = 65707B6F2BA162DA00FA7668 /* LaunchScreen.storyboard */; };
		65707B792BA165DB00FA7668 /* IntroViewController.swift in Sources */ = {isa = PBXBuildFile; fileRef = 65707B782BA165DB00FA7668 /* IntroViewController.swift */; };
		65707B7B2BA204C700FA7668 /* LoginViewController.swift in Sources */ = {isa = PBXBuildFile; fileRef = 65707B7A2BA204C700FA7668 /* LoginViewController.swift */; };
		65707B7D2BA20CA000FA7668 /* SignupViewController.swift in Sources */ = {isa = PBXBuildFile; fileRef = 65707B7C2BA20CA000FA7668 /* SignupViewController.swift */; };
		659292242BA29A3B00576FFF /* HomeViewController.swift in Sources */ = {isa = PBXBuildFile; fileRef = 659292232BA29A3B00576FFF /* HomeViewController.swift */; };
		659292262BA29A4E00576FFF /* WantViewController.swift in Sources */ = {isa = PBXBuildFile; fileRef = 659292252BA29A4E00576FFF /* WantViewController.swift */; };
		659292282BA29A5800576FFF /* WantListViewController.swift in Sources */ = {isa = PBXBuildFile; fileRef = 659292272BA29A5800576FFF /* WantListViewController.swift */; };
		6592922A2BA29A6300576FFF /* VisitedViewController.swift in Sources */ = {isa = PBXBuildFile; fileRef = 659292292BA29A6300576FFF /* VisitedViewController.swift */; };
		6592922C2BA29A7100576FFF /* VisitedListViewController.swift in Sources */ = {isa = PBXBuildFile; fileRef = 6592922B2BA29A7100576FFF /* VisitedListViewController.swift */; };
		6592922E2BA29A9100576FFF /* SettingViewController.swift in Sources */ = {isa = PBXBuildFile; fileRef = 6592922D2BA29A9100576FFF /* SettingViewController.swift */; };
		65E217832BA61F57004165FA /* TabBarControllerViewController.swift in Sources */ = {isa = PBXBuildFile; fileRef = 65E217822BA61F57004165FA /* TabBarControllerViewController.swift */; };
/* End PBXBuildFile section */

/* Begin PBXFileReference section */
		65707B612BA162D900FA7668 /* GlobeTracker.app */ = {isa = PBXFileReference; explicitFileType = wrapper.application; includeInIndex = 0; path = GlobeTracker.app; sourceTree = BUILT_PRODUCTS_DIR; };
		65707B642BA162D900FA7668 /* AppDelegate.swift */ = {isa = PBXFileReference; lastKnownFileType = sourcecode.swift; path = AppDelegate.swift; sourceTree = "<group>"; };
		65707B662BA162D900FA7668 /* SceneDelegate.swift */ = {isa = PBXFileReference; lastKnownFileType = sourcecode.swift; path = SceneDelegate.swift; sourceTree = "<group>"; };
		65707B682BA162D900FA7668 /* ViewController.swift */ = {isa = PBXFileReference; lastKnownFileType = sourcecode.swift; path = ViewController.swift; sourceTree = "<group>"; };
		65707B6B2BA162D900FA7668 /* Base */ = {isa = PBXFileReference; lastKnownFileType = file.storyboard; name = Base; path = Base.lproj/Main.storyboard; sourceTree = "<group>"; };
		65707B6D2BA162DA00FA7668 /* Assets.xcassets */ = {isa = PBXFileReference; lastKnownFileType = folder.assetcatalog; path = Assets.xcassets; sourceTree = "<group>"; };
		65707B702BA162DA00FA7668 /* Base */ = {isa = PBXFileReference; lastKnownFileType = file.storyboard; name = Base; path = Base.lproj/LaunchScreen.storyboard; sourceTree = "<group>"; };
		65707B722BA162DA00FA7668 /* Info.plist */ = {isa = PBXFileReference; lastKnownFileType = text.plist.xml; path = Info.plist; sourceTree = "<group>"; };
		65707B782BA165DB00FA7668 /* IntroViewController.swift */ = {isa = PBXFileReference; lastKnownFileType = sourcecode.swift; path = IntroViewController.swift; sourceTree = "<group>"; };
		65707B7A2BA204C700FA7668 /* LoginViewController.swift */ = {isa = PBXFileReference; lastKnownFileType = sourcecode.swift; path = LoginViewController.swift; sourceTree = "<group>"; };
		65707B7C2BA20CA000FA7668 /* SignupViewController.swift */ = {isa = PBXFileReference; lastKnownFileType = sourcecode.swift; path = SignupViewController.swift; sourceTree = "<group>"; };
		659292232BA29A3B00576FFF /* HomeViewController.swift */ = {isa = PBXFileReference; lastKnownFileType = sourcecode.swift; path = HomeViewController.swift; sourceTree = "<group>"; };
		659292252BA29A4E00576FFF /* WantViewController.swift */ = {isa = PBXFileReference; lastKnownFileType = sourcecode.swift; path = WantViewController.swift; sourceTree = "<group>"; };
		659292272BA29A5800576FFF /* WantListViewController.swift */ = {isa = PBXFileReference; lastKnownFileType = sourcecode.swift; path = WantListViewController.swift; sourceTree = "<group>"; };
		659292292BA29A6300576FFF /* VisitedViewController.swift */ = {isa = PBXFileReference; lastKnownFileType = sourcecode.swift; path = VisitedViewController.swift; sourceTree = "<group>"; };
		6592922B2BA29A7100576FFF /* VisitedListViewController.swift */ = {isa = PBXFileReference; lastKnownFileType = sourcecode.swift; path = VisitedListViewController.swift; sourceTree = "<group>"; };
		6592922D2BA29A9100576FFF /* SettingViewController.swift */ = {isa = PBXFileReference; lastKnownFileType = sourcecode.swift; path = SettingViewController.swift; sourceTree = "<group>"; };
		65E217822BA61F57004165FA /* TabBarControllerViewController.swift */ = {isa = PBXFileReference; lastKnownFileType = sourcecode.swift; path = TabBarControllerViewController.swift; sourceTree = "<group>"; };
/* End PBXFileReference section */

/* Begin PBXFrameworksBuildPhase section */
		65707B5E2BA162D900FA7668 /* Frameworks */ = {
			isa = PBXFrameworksBuildPhase;
			buildActionMask = 2147483647;
			files = (
			);
			runOnlyForDeploymentPostprocessing = 0;
		};
/* End PBXFrameworksBuildPhase section */

/* Begin PBXGroup section */
		65707B582BA162D900FA7668 = {
			isa = PBXGroup;
			children = (
				65707B632BA162D900FA7668 /* GlobeTracker */,
				65707B622BA162D900FA7668 /* Products */,
			);
			sourceTree = "<group>";
		};
		65707B622BA162D900FA7668 /* Products */ = {
			isa = PBXGroup;
			children = (
				65707B612BA162D900FA7668 /* GlobeTracker.app */,
			);
			name = Products;
			sourceTree = "<group>";
		};
		65707B632BA162D900FA7668 /* GlobeTracker */ = {
			isa = PBXGroup;
			children = (
				65707B642BA162D900FA7668 /* AppDelegate.swift */,
				65707B662BA162D900FA7668 /* SceneDelegate.swift */,
				65707B682BA162D900FA7668 /* ViewController.swift */,
				65707B782BA165DB00FA7668 /* IntroViewController.swift */,
				65707B7A2BA204C700FA7668 /* LoginViewController.swift */,
				65707B7C2BA20CA000FA7668 /* SignupViewController.swift */,
				65707B6A2BA162D900FA7668 /* Main.storyboard */,
				65707B6D2BA162DA00FA7668 /* Assets.xcassets */,
				65707B6F2BA162DA00FA7668 /* LaunchScreen.storyboard */,
				65707B722BA162DA00FA7668 /* Info.plist */,
				65E217822BA61F57004165FA /* TabBarControllerViewController.swift */,
				659292232BA29A3B00576FFF /* HomeViewController.swift */,
				659292252BA29A4E00576FFF /* WantViewController.swift */,
				659292272BA29A5800576FFF /* WantListViewController.swift */,
				659292292BA29A6300576FFF /* VisitedViewController.swift */,
				6592922B2BA29A7100576FFF /* VisitedListViewController.swift */,
				6592922D2BA29A9100576FFF /* SettingViewController.swift */,
			);
			path = GlobeTracker;
			sourceTree = "<group>";
		};
/* End PBXGroup section */

/* Begin PBXNativeTarget section */
		65707B602BA162D900FA7668 /* GlobeTracker */ = {
			isa = PBXNativeTarget;
			buildConfigurationList = 65707B752BA162DA00FA7668 /* Build configuration list for PBXNativeTarget "GlobeTracker" */;
			buildPhases = (
				65707B5D2BA162D900FA7668 /* Sources */,
				65707B5E2BA162D900FA7668 /* Frameworks */,
				65707B5F2BA162D900FA7668 /* Resources */,
			);
			buildRules = (
			);
			dependencies = (
			);
			name = GlobeTracker;
			productName = GlobeTracker;
			productReference = 65707B612BA162D900FA7668 /* GlobeTracker.app */;
			productType = "com.apple.product-type.application";
		};
/* End PBXNativeTarget section */

/* Begin PBXProject section */
		65707B592BA162D900FA7668 /* Project object */ = {
			isa = PBXProject;
			attributes = {
				BuildIndependentTargetsInParallel = 1;
				LastSwiftUpdateCheck = 1500;
				LastUpgradeCheck = 1500;
				TargetAttributes = {
					65707B602BA162D900FA7668 = {
						CreatedOnToolsVersion = 15.0.1;
					};
				};
			};
			buildConfigurationList = 65707B5C2BA162D900FA7668 /* Build configuration list for PBXProject "GlobeTracker" */;
			compatibilityVersion = "Xcode 14.0";
			developmentRegion = en;
			hasScannedForEncodings = 0;
			knownRegions = (
				en,
				Base,
			);
			mainGroup = 65707B582BA162D900FA7668;
			productRefGroup = 65707B622BA162D900FA7668 /* Products */;
			projectDirPath = "";
			projectRoot = "";
			targets = (
				65707B602BA162D900FA7668 /* GlobeTracker */,
			);
		};
/* End PBXProject section */

/* Begin PBXResourcesBuildPhase section */
		65707B5F2BA162D900FA7668 /* Resources */ = {
			isa = PBXResourcesBuildPhase;
			buildActionMask = 2147483647;
			files = (
				65707B712BA162DA00FA7668 /* LaunchScreen.storyboard in Resources */,
				65707B6E2BA162DA00FA7668 /* Assets.xcassets in Resources */,
				65707B6C2BA162D900FA7668 /* Main.storyboard in Resources */,
			);
			runOnlyForDeploymentPostprocessing = 0;
		};
/* End PBXResourcesBuildPhase section */

/* Begin PBXSourcesBuildPhase section */
		65707B5D2BA162D900FA7668 /* Sources */ = {
			isa = PBXSourcesBuildPhase;
			buildActionMask = 2147483647;
			files = (
				6592922A2BA29A6300576FFF /* VisitedViewController.swift in Sources */,
				65707B7D2BA20CA000FA7668 /* SignupViewController.swift in Sources */,
				65707B692BA162D900FA7668 /* ViewController.swift in Sources */,
				659292282BA29A5800576FFF /* WantListViewController.swift in Sources */,
				65707B652BA162D900FA7668 /* AppDelegate.swift in Sources */,
				65707B672BA162D900FA7668 /* SceneDelegate.swift in Sources */,
				6592922C2BA29A7100576FFF /* VisitedListViewController.swift in Sources */,
				659292262BA29A4E00576FFF /* WantViewController.swift in Sources */,
				65707B7B2BA204C700FA7668 /* LoginViewController.swift in Sources */,
				659292242BA29A3B00576FFF /* HomeViewController.swift in Sources */,
				65E217832BA61F57004165FA /* TabBarControllerViewController.swift in Sources */,
				65707B792BA165DB00FA7668 /* IntroViewController.swift in Sources */,
				6592922E2BA29A9100576FFF /* SettingViewController.swift in Sources */,
			);
			runOnlyForDeploymentPostprocessing = 0;
		};
/* End PBXSourcesBuildPhase section */

/* Begin PBXVariantGroup section */
		65707B6A2BA162D900FA7668 /* Main.storyboard */ = {
			isa = PBXVariantGroup;
			children = (
				65707B6B2BA162D900FA7668 /* Base */,
			);
			name = Main.storyboard;
			sourceTree = "<group>";
		};
		65707B6F2BA162DA00FA7668 /* LaunchScreen.storyboard */ = {
			isa = PBXVariantGroup;
			children = (
				65707B702BA162DA00FA7668 /* Base */,
			);
			name = LaunchScreen.storyboard;
			sourceTree = "<group>";
		};
/* End PBXVariantGroup section */

/* Begin XCBuildConfiguration section */
		65707B732BA162DA00FA7668 /* Debug */ = {
			isa = XCBuildConfiguration;
			buildSettings = {
				ALWAYS_SEARCH_USER_PATHS = NO;
				ASSETCATALOG_COMPILER_GENERATE_SWIFT_ASSET_SYMBOL_EXTENSIONS = YES;
				CLANG_ANALYZER_NONNULL = YES;
				CLANG_ANALYZER_NUMBER_OBJECT_CONVERSION = YES_AGGRESSIVE;
				CLANG_CXX_LANGUAGE_STANDARD = "gnu++20";
				CLANG_ENABLE_MODULES = YES;
				CLANG_ENABLE_OBJC_ARC = YES;
				CLANG_ENABLE_OBJC_WEAK = YES;
				CLANG_WARN_BLOCK_CAPTURE_AUTORELEASING = YES;
				CLANG_WARN_BOOL_CONVERSION = YES;
				CLANG_WARN_COMMA = YES;
				CLANG_WARN_CONSTANT_CONVERSION = YES;
				CLANG_WARN_DEPRECATED_OBJC_IMPLEMENTATIONS = YES;
				CLANG_WARN_DIRECT_OBJC_ISA_USAGE = YES_ERROR;
				CLANG_WARN_DOCUMENTATION_COMMENTS = YES;
				CLANG_WARN_EMPTY_BODY = YES;
				CLANG_WARN_ENUM_CONVERSION = YES;
				CLANG_WARN_INFINITE_RECURSION = YES;
				CLANG_WARN_INT_CONVERSION = YES;
				CLANG_WARN_NON_LITERAL_NULL_CONVERSION = YES;
				CLANG_WARN_OBJC_IMPLICIT_RETAIN_SELF = YES;
				CLANG_WARN_OBJC_LITERAL_CONVERSION = YES;
				CLANG_WARN_OBJC_ROOT_CLASS = YES_ERROR;
				CLANG_WARN_QUOTED_INCLUDE_IN_FRAMEWORK_HEADER = YES;
				CLANG_WARN_RANGE_LOOP_ANALYSIS = YES;
				CLANG_WARN_STRICT_PROTOTYPES = YES;
				CLANG_WARN_SUSPICIOUS_MOVE = YES;
				CLANG_WARN_UNGUARDED_AVAILABILITY = YES_AGGRESSIVE;
				CLANG_WARN_UNREACHABLE_CODE = YES;
				CLANG_WARN__DUPLICATE_METHOD_MATCH = YES;
				COPY_PHASE_STRIP = NO;
				DEBUG_INFORMATION_FORMAT = dwarf;
				ENABLE_STRICT_OBJC_MSGSEND = YES;
				ENABLE_TESTABILITY = YES;
				ENABLE_USER_SCRIPT_SANDBOXING = YES;
				GCC_C_LANGUAGE_STANDARD = gnu17;
				GCC_DYNAMIC_NO_PIC = NO;
				GCC_NO_COMMON_BLOCKS = YES;
				GCC_OPTIMIZATION_LEVEL = 0;
				GCC_PREPROCESSOR_DEFINITIONS = (
					"DEBUG=1",
					"$(inherited)",
				);
				GCC_WARN_64_TO_32_BIT_CONVERSION = YES;
				GCC_WARN_ABOUT_RETURN_TYPE = YES_ERROR;
				GCC_WARN_UNDECLARED_SELECTOR = YES;
				GCC_WARN_UNINITIALIZED_AUTOS = YES_AGGRESSIVE;
				GCC_WARN_UNUSED_FUNCTION = YES;
				GCC_WARN_UNUSED_VARIABLE = YES;
				IPHONEOS_DEPLOYMENT_TARGET = 17.0;
				LOCALIZATION_PREFERS_STRING_CATALOGS = YES;
				MTL_ENABLE_DEBUG_INFO = INCLUDE_SOURCE;
				MTL_FAST_MATH = YES;
				ONLY_ACTIVE_ARCH = YES;
				SDKROOT = iphoneos;
				SWIFT_ACTIVE_COMPILATION_CONDITIONS = "DEBUG $(inherited)";
				SWIFT_OPTIMIZATION_LEVEL = "-Onone";
			};
			name = Debug;
		};
		65707B742BA162DA00FA7668 /* Release */ = {
			isa = XCBuildConfiguration;
			buildSettings = {
				ALWAYS_SEARCH_USER_PATHS = NO;
				ASSETCATALOG_COMPILER_GENERATE_SWIFT_ASSET_SYMBOL_EXTENSIONS = YES;
				CLANG_ANALYZER_NONNULL = YES;
				CLANG_ANALYZER_NUMBER_OBJECT_CONVERSION = YES_AGGRESSIVE;
				CLANG_CXX_LANGUAGE_STANDARD = "gnu++20";
				CLANG_ENABLE_MODULES = YES;
				CLANG_ENABLE_OBJC_ARC = YES;
				CLANG_ENABLE_OBJC_WEAK = YES;
				CLANG_WARN_BLOCK_CAPTURE_AUTORELEASING = YES;
				CLANG_WARN_BOOL_CONVERSION = YES;
				CLANG_WARN_COMMA = YES;
				CLANG_WARN_CONSTANT_CONVERSION = YES;
				CLANG_WARN_DEPRECATED_OBJC_IMPLEMENTATIONS = YES;
				CLANG_WARN_DIRECT_OBJC_ISA_USAGE = YES_ERROR;
				CLANG_WARN_DOCUMENTATION_COMMENTS = YES;
				CLANG_WARN_EMPTY_BODY = YES;
				CLANG_WARN_ENUM_CONVERSION = YES;
				CLANG_WARN_INFINITE_RECURSION = YES;
				CLANG_WARN_INT_CONVERSION = YES;
				CLANG_WARN_NON_LITERAL_NULL_CONVERSION = YES;
				CLANG_WARN_OBJC_IMPLICIT_RETAIN_SELF = YES;
				CLANG_WARN_OBJC_LITERAL_CONVERSION = YES;
				CLANG_WARN_OBJC_ROOT_CLASS = YES_ERROR;
				CLANG_WARN_QUOTED_INCLUDE_IN_FRAMEWORK_HEADER = YES;
				CLANG_WARN_RANGE_LOOP_ANALYSIS = YES;
				CLANG_WARN_STRICT_PROTOTYPES = YES;
				CLANG_WARN_SUSPICIOUS_MOVE = YES;
				CLANG_WARN_UNGUARDED_AVAILABILITY = YES_AGGRESSIVE;
				CLANG_WARN_UNREACHABLE_CODE = YES;
				CLANG_WARN__DUPLICATE_METHOD_MATCH = YES;
				COPY_PHASE_STRIP = NO;
				DEBUG_INFORMATION_FORMAT = "dwarf-with-dsym";
				ENABLE_NS_ASSERTIONS = NO;
				ENABLE_STRICT_OBJC_MSGSEND = YES;
				ENABLE_USER_SCRIPT_SANDBOXING = YES;
				GCC_C_LANGUAGE_STANDARD = gnu17;
				GCC_NO_COMMON_BLOCKS = YES;
				GCC_WARN_64_TO_32_BIT_CONVERSION = YES;
				GCC_WARN_ABOUT_RETURN_TYPE = YES_ERROR;
				GCC_WARN_UNDECLARED_SELECTOR = YES;
				GCC_WARN_UNINITIALIZED_AUTOS = YES_AGGRESSIVE;
				GCC_WARN_UNUSED_FUNCTION = YES;
				GCC_WARN_UNUSED_VARIABLE = YES;
				IPHONEOS_DEPLOYMENT_TARGET = 17.0;
				LOCALIZATION_PREFERS_STRING_CATALOGS = YES;
				MTL_ENABLE_DEBUG_INFO = NO;
				MTL_FAST_MATH = YES;
				SDKROOT = iphoneos;
				SWIFT_COMPILATION_MODE = wholemodule;
				VALIDATE_PRODUCT = YES;
			};
			name = Release;
		};
		65707B762BA162DA00FA7668 /* Debug */ = {
			isa = XCBuildConfiguration;
			buildSettings = {
				ASSETCATALOG_COMPILER_APPICON_NAME = AppIcon;
				ASSETCATALOG_COMPILER_GLOBAL_ACCENT_COLOR_NAME = AccentColor;
				CODE_SIGN_STYLE = Automatic;
				CURRENT_PROJECT_VERSION = 1;
				GENERATE_INFOPLIST_FILE = YES;
				INFOPLIST_FILE = GlobeTracker/Info.plist;
				INFOPLIST_KEY_UIApplicationSupportsIndirectInputEvents = YES;
				INFOPLIST_KEY_UILaunchStoryboardName = LaunchScreen;
				INFOPLIST_KEY_UIMainStoryboardFile = Main;
				INFOPLIST_KEY_UISupportedInterfaceOrientations_iPad = "UIInterfaceOrientationPortrait UIInterfaceOrientationPortraitUpsideDown UIInterfaceOrientationLandscapeLeft UIInterfaceOrientationLandscapeRight";
				INFOPLIST_KEY_UISupportedInterfaceOrientations_iPhone = "UIInterfaceOrientationPortrait UIInterfaceOrientationLandscapeLeft UIInterfaceOrientationLandscapeRight";
				LD_RUNPATH_SEARCH_PATHS = (
					"$(inherited)",
					"@executable_path/Frameworks",
				);
				MARKETING_VERSION = 1.0;
				PRODUCT_BUNDLE_IDENTIFIER = yunpeng.GlobeTracker;
				PRODUCT_NAME = "$(TARGET_NAME)";
				SWIFT_EMIT_LOC_STRINGS = YES;
				SWIFT_VERSION = 5.0;
				TARGETED_DEVICE_FAMILY = "1,2";
			};
			name = Debug;
		};
		65707B772BA162DA00FA7668 /* Release */ = {
			isa = XCBuildConfiguration;
			buildSettings = {
				ASSETCATALOG_COMPILER_APPICON_NAME = AppIcon;
				ASSETCATALOG_COMPILER_GLOBAL_ACCENT_COLOR_NAME = AccentColor;
				CODE_SIGN_STYLE = Automatic;
				CURRENT_PROJECT_VERSION = 1;
				GENERATE_INFOPLIST_FILE = YES;
				INFOPLIST_FILE = GlobeTracker/Info.plist;
				INFOPLIST_KEY_UIApplicationSupportsIndirectInputEvents = YES;
				INFOPLIST_KEY_UILaunchStoryboardName = LaunchScreen;
				INFOPLIST_KEY_UIMainStoryboardFile = Main;
				INFOPLIST_KEY_UISupportedInterfaceOrientations_iPad = "UIInterfaceOrientationPortrait UIInterfaceOrientationPortraitUpsideDown UIInterfaceOrientationLandscapeLeft UIInterfaceOrientationLandscapeRight";
				INFOPLIST_KEY_UISupportedInterfaceOrientations_iPhone = "UIInterfaceOrientationPortrait UIInterfaceOrientationLandscapeLeft UIInterfaceOrientationLandscapeRight";
				LD_RUNPATH_SEARCH_PATHS = (
					"$(inherited)",
					"@executable_path/Frameworks",
				);
				MARKETING_VERSION = 1.0;
				PRODUCT_BUNDLE_IDENTIFIER = yunpeng.GlobeTracker;
				PRODUCT_NAME = "$(TARGET_NAME)";
				SWIFT_EMIT_LOC_STRINGS = YES;
				SWIFT_VERSION = 5.0;
				TARGETED_DEVICE_FAMILY = "1,2";
			};
			name = Release;
		};
/* End XCBuildConfiguration section */

/* Begin XCConfigurationList section */
		65707B5C2BA162D900FA7668 /* Build configuration list for PBXProject "GlobeTracker" */ = {
			isa = XCConfigurationList;
			buildConfigurations = (
				65707B732BA162DA00FA7668 /* Debug */,
				65707B742BA162DA00FA7668 /* Release */,
			);
			defaultConfigurationIsVisible = 0;
			defaultConfigurationName = Release;
		};
		65707B752BA162DA00FA7668 /* Build configuration list for PBXNativeTarget "GlobeTracker" */ = {
			isa = XCConfigurationList;
			buildConfigurations = (
				65707B762BA162DA00FA7668 /* Debug */,
				65707B772BA162DA00FA7668 /* Release */,
			);
			defaultConfigurationIsVisible = 0;
			defaultConfigurationName = Release;
		};
/* End XCConfigurationList section */
	};
	rootObject = 65707B592BA162D900FA7668 /* Project object */;
}
